// !$*UTF8*$!
{
	archiveVersion = 1;
	classes = {
	};
	objectVersion = 56;
	objects = {

/* Begin PBXBuildFile section */
		E1E14BF12ABDB7A4002C9A39 /* AppDelegate.m in Sources */ = {isa = PBXBuildFile; fileRef = E1E14BF02ABDB7A4002C9A39 /* AppDelegate.m */; };
		E1E14BF42ABDB7A4002C9A39 /* SceneDelegate.m in Sources */ = {isa = PBXBuildFile; fileRef = E1E14BF32ABDB7A4002C9A39 /* SceneDelegate.m */; };
		E1E14BF72ABDB7A4002C9A39 /* ViewController.m in Sources */ = {isa = PBXBuildFile; fileRef = E1E14BF62ABDB7A4002C9A39 /* ViewController.m */; };
		E1E14BFA2ABDB7A4002C9A39 /* Main.storyboard in Resources */ = {isa = PBXBuildFile; fileRef = E1E14BF82ABDB7A4002C9A39 /* Main.storyboard */; };
		E1E14BFC2ABDB7A5002C9A39 /* Assets.xcassets in Resources */ = {isa = PBXBuildFile; fileRef = E1E14BFB2ABDB7A5002C9A39 /* Assets.xcassets */; };
		E1E14BFF2ABDB7A5002C9A39 /* LaunchScreen.storyboard in Resources */ = {isa = PBXBuildFile; fileRef = E1E14BFD2ABDB7A5002C9A39 /* LaunchScreen.storyboard */; };
		E1E14C022ABDB7A5002C9A39 /* main.m in Sources */ = {isa = PBXBuildFile; fileRef = E1E14C012ABDB7A5002C9A39 /* main.m */; };
/* End PBXBuildFile section */

/* Begin PBXFileReference section */
		E1E14BEC2ABDB7A4002C9A39 /* Variables&Const.app */ = {isa = PBXFileReference; explicitFileType = wrapper.application; includeInIndex = 0; path = "Variables&Const.app"; sourceTree = BUILT_PRODUCTS_DIR; };
		E1E14BEF2ABDB7A4002C9A39 /* AppDelegate.h */ = {isa = PBXFileReference; lastKnownFileType = sourcecode.c.h; path = AppDelegate.h; sourceTree = "<group>"; };
		E1E14BF02ABDB7A4002C9A39 /* AppDelegate.m */ = {isa = PBXFileReference; lastKnownFileType = sourcecode.c.objc; path = AppDelegate.m; sourceTree = "<group>"; };
		E1E14BF22ABDB7A4002C9A39 /* SceneDelegate.h */ = {isa = PBXFileReference; lastKnownFileType = sourcecode.c.h; path = SceneDelegate.h; sourceTree = "<group>"; };
		E1E14BF32ABDB7A4002C9A39 /* SceneDelegate.m */ = {isa = PBXFileReference; lastKnownFileType = sourcecode.c.objc; path = SceneDelegate.m; sourceTree = "<group>"; };
		E1E14BF52ABDB7A4002C9A39 /* ViewController.h */ = {isa = PBXFileReference; lastKnownFileType = sourcecode.c.h; path = ViewController.h; sourceTree = "<group>"; };
		E1E14BF62ABDB7A4002C9A39 /* ViewController.m */ = {isa = PBXFileReference; lastKnownFileType = sourcecode.c.objc; path = ViewController.m; sourceTree = "<group>"; };
		E1E14BF92ABDB7A4002C9A39 /* Base */ = {isa = PBXFileReference; lastKnownFileType = file.storyboard; name = Base; path = Base.lproj/Main.storyboard; sourceTree = "<group>"; };
		E1E14BFB2ABDB7A5002C9A39 /* Assets.xcassets */ = {isa = PBXFileReference; lastKnownFileType = folder.assetcatalog; path = Assets.xcassets; sourceTree = "<group>"; };
		E1E14BFE2ABDB7A5002C9A39 /* Base */ = {isa = PBXFileReference; lastKnownFileType = file.storyboard; name = Base; path = Base.lproj/LaunchScreen.storyboard; sourceTree = "<group>"; };
		E1E14C002ABDB7A5002C9A39 /* Info.plist */ = {isa = PBXFileReference; lastKnownFileType = text.plist.xml; path = Info.plist; sourceTree = "<group>"; };
		E1E14C012ABDB7A5002C9A39 /* main.m */ = {isa = PBXFileReference; lastKnownFileType = sourcecode.c.objc; path = main.m; sourceTree = "<group>"; };
/* End PBXFileReference section */

/* Begin PBXFrameworksBuildPhase section */
		E1E14BE92ABDB7A4002C9A39 /* Frameworks */ = {
			isa = PBXFrameworksBuildPhase;
			buildActionMask = 2147483647;
			files = (
			);
			runOnlyForDeploymentPostprocessing = 0;
		};
/* End PBXFrameworksBuildPhase section */

/* Begin PBXGroup section */
		E1E14BE32ABDB7A4002C9A39 = {
			isa = PBXGroup;
			children = (
				E1E14BEE2ABDB7A4002C9A39 /* Variables&Const */,
				E1E14BED2ABDB7A4002C9A39 /* Products */,
			);
			sourceTree = "<group>";
		};
		E1E14BED2ABDB7A4002C9A39 /* Products */ = {
			isa = PBXGroup;
			children = (
				E1E14BEC2ABDB7A4002C9A39 /* Variables&Const.app */,
			);
			name = Products;
			sourceTree = "<group>";
		};
		E1E14BEE2ABDB7A4002C9A39 /* Variables&Const */ = {
			isa = PBXGroup;
			children = (
				E1E14BEF2ABDB7A4002C9A39 /* AppDelegate.h */,
				E1E14BF02ABDB7A4002C9A39 /* AppDelegate.m */,
				E1E14BF22ABDB7A4002C9A39 /* SceneDelegate.h */,
				E1E14BF32ABDB7A4002C9A39 /* SceneDelegate.m */,
				E1E14BF52ABDB7A4002C9A39 /* ViewController.h */,
				E1E14BF62ABDB7A4002C9A39 /* ViewController.m */,
				E1E14BF82ABDB7A4002C9A39 /* Main.storyboard */,
				E1E14BFB2ABDB7A5002C9A39 /* Assets.xcassets */,
				E1E14BFD2ABDB7A5002C9A39 /* LaunchScreen.storyboard */,
				E1E14C002ABDB7A5002C9A39 /* Info.plist */,
				E1E14C012ABDB7A5002C9A39 /* main.m */,
			);
			path = "Variables&Const";
			sourceTree = "<group>";
		};
/* End PBXGroup section */

/* Begin PBXNativeTarget section */
		E1E14BEB2ABDB7A4002C9A39 /* Variables&Const */ = {
			isa = PBXNativeTarget;
			buildConfigurationList = E1E14C052ABDB7A5002C9A39 /* Build configuration list for PBXNativeTarget "Variables&Const" */;
			buildPhases = (
				E1E14BE82ABDB7A4002C9A39 /* Sources */,
				E1E14BE92ABDB7A4002C9A39 /* Frameworks */,
				E1E14BEA2ABDB7A4002C9A39 /* Resources */,
			);
			buildRules = (
			);
			dependencies = (
			);
			name = "Variables&Const";
			productName = "Variables&Const";
			productReference = E1E14BEC2ABDB7A4002C9A39 /* Variables&Const.app */;
			productType = "com.apple.product-type.application";
		};
/* End PBXNativeTarget section */

/* Begin PBXProject section */
		E1E14BE42ABDB7A4002C9A39 /* Project object */ = {
			isa = PBXProject;
			attributes = {
				BuildIndependentTargetsInParallel = 1;
				LastUpgradeCheck = 1500;
				TargetAttributes = {
					E1E14BEB2ABDB7A4002C9A39 = {
						CreatedOnToolsVersion = 15.0;
					};
				};
			};
			buildConfigurationList = E1E14BE72ABDB7A4002C9A39 /* Build configuration list for PBXProject "Variables&Const" */;
			compatibilityVersion = "Xcode 14.0";
			developmentRegion = en;
			hasScannedForEncodings = 0;
			knownRegions = (
				en,
				Base,
			);
			mainGroup = E1E14BE32ABDB7A4002C9A39;
			productRefGroup = E1E14BED2ABDB7A4002C9A39 /* Products */;
			projectDirPath = "";
			projectRoot = "";
			targets = (
				E1E14BEB2ABDB7A4002C9A39 /* Variables&Const */,
			);
		};
/* End PBXProject section */

/* Begin PBXResourcesBuildPhase section */
		E1E14BEA2ABDB7A4002C9A39 /* Resources */ = {
			isa = PBXResourcesBuildPhase;
			buildActionMask = 2147483647;
			files = (
				E1E14BFF2ABDB7A5002C9A39 /* LaunchScreen.storyboard in Resources */,
				E1E14BFC2ABDB7A5002C9A39 /* Assets.xcassets in Resources */,
				E1E14BFA2ABDB7A4002C9A39 /* Main.storyboard in Resources */,
			);
			runOnlyForDeploymentPostprocessing = 0;
		};
/* End PBXResourcesBuildPhase section */

/* Begin PBXSourcesBuildPhase section */
		E1E14BE82ABDB7A4002C9A39 /* Sources */ = {
			isa = PBXSourcesBuildPhase;
			buildActionMask = 2147483647;
			files = (
				E1E14BF72ABDB7A4002C9A39 /* ViewController.m in Sources */,
				E1E14BF12ABDB7A4002C9A39 /* AppDelegate.m in Sources */,
				E1E14C022ABDB7A5002C9A39 /* main.m in Sources */,
				E1E14BF42ABDB7A4002C9A39 /* SceneDelegate.m in Sources */,
			);
			runOnlyForDeploymentPostprocessing = 0;
		};
/* End PBXSourcesBuildPhase section */

/* Begin PBXVariantGroup section */
		E1E14BF82ABDB7A4002C9A39 /* Main.storyboard */ = {
			isa = PBXVariantGroup;
			children = (
				E1E14BF92ABDB7A4002C9A39 /* Base */,
			);
			name = Main.storyboard;
			sourceTree = "<group>";
		};
		E1E14BFD2ABDB7A5002C9A39 /* LaunchScreen.storyboard */ = {
			isa = PBXVariantGroup;
			children = (
				E1E14BFE2ABDB7A5002C9A39 /* Base */,
			);
			name = LaunchScreen.storyboard;
			sourceTree = "<group>";
		};
/* End PBXVariantGroup section */

/* Begin XCBuildConfiguration section */
		E1E14C032ABDB7A5002C9A39 /* Debug */ = {
			isa = XCBuildConfiguration;
			buildSettings = {
				ALWAYS_SEARCH_USER_PATHS = NO;
				ASSETCATALOG_COMPILER_GENERATE_SWIFT_ASSET_SYMBOL_EXTENSIONS = YES;
				CLANG_ANALYZER_NONNULL = YES;
				CLANG_ANALYZER_NUMBER_OBJECT_CONVERSION = YES_AGGRESSIVE;
				CLANG_CXX_LANGUAGE_STANDARD = "gnu++20";
				CLANG_ENABLE_MODULES = YES;
				CLANG_ENABLE_OBJC_ARC = YES;
				CLANG_ENABLE_OBJC_WEAK = YES;
				CLANG_WARN_BLOCK_CAPTURE_AUTORELEASING = YES;
				CLANG_WARN_BOOL_CONVERSION = YES;
				CLANG_WARN_COMMA = YES;
				CLANG_WARN_CONSTANT_CONVERSION = YES;
				CLANG_WARN_DEPRECATED_OBJC_IMPLEMENTATIONS = YES;
				CLANG_WARN_DIRECT_OBJC_ISA_USAGE = YES_ERROR;
				CLANG_WARN_DOCUMENTATION_COMMENTS = YES;
				CLANG_WARN_EMPTY_BODY = YES;
				CLANG_WARN_ENUM_CONVERSION = YES;
				CLANG_WARN_INFINITE_RECURSION = YES;
				CLANG_WARN_INT_CONVERSION = YES;
				CLANG_WARN_NON_LITERAL_NULL_CONVERSION = YES;
				CLANG_WARN_OBJC_IMPLICIT_RETAIN_SELF = YES;
				CLANG_WARN_OBJC_LITERAL_CONVERSION = YES;
				CLANG_WARN_OBJC_ROOT_CLASS = YES_ERROR;
				CLANG_WARN_QUOTED_INCLUDE_IN_FRAMEWORK_HEADER = YES;
				CLANG_WARN_RANGE_LOOP_ANALYSIS = YES;
				CLANG_WARN_STRICT_PROTOTYPES = YES;
				CLANG_WARN_SUSPICIOUS_MOVE = YES;
				CLANG_WARN_UNGUARDED_AVAILABILITY = YES_AGGRESSIVE;
				CLANG_WARN_UNREACHABLE_CODE = YES;
				CLANG_WARN__DUPLICATE_METHOD_MATCH = YES;
				COPY_PHASE_STRIP = NO;
				DEBUG_INFORMATION_FORMAT = dwarf;
				ENABLE_STRICT_OBJC_MSGSEND = YES;
				ENABLE_TESTABILITY = YES;
				ENABLE_USER_SCRIPT_SANDBOXING = YES;
				GCC_C_LANGUAGE_STANDARD = gnu17;
				GCC_DYNAMIC_NO_PIC = NO;
				GCC_NO_COMMON_BLOCKS = YES;
				GCC_OPTIMIZATION_LEVEL = 0;
				GCC_PREPROCESSOR_DEFINITIONS = (
					"DEBUG=1",
					"$(inherited)",
				);
				GCC_WARN_64_TO_32_BIT_CONVERSION = YES;
				GCC_WARN_ABOUT_RETURN_TYPE = YES_ERROR;
				GCC_WARN_UNDECLARED_SELECTOR = YES;
				GCC_WARN_UNINITIALIZED_AUTOS = YES_AGGRESSIVE;
				GCC_WARN_UNUSED_FUNCTION = YES;
				GCC_WARN_UNUSED_VARIABLE = YES;
				IPHONEOS_DEPLOYMENT_TARGET = 17.0;
				LOCALIZATION_PREFERS_STRING_CATALOGS = YES;
				MTL_ENABLE_DEBUG_INFO = INCLUDE_SOURCE;
				MTL_FAST_MATH = YES;
				ONLY_ACTIVE_ARCH = YES;
				SDKROOT = iphoneos;
			};
			name = Debug;
		};
		E1E14C042ABDB7A5002C9A39 /* Release */ = {
			isa = XCBuildConfiguration;
			buildSettings = {
				ALWAYS_SEARCH_USER_PATHS = NO;
				ASSETCATALOG_COMPILER_GENERATE_SWIFT_ASSET_SYMBOL_EXTENSIONS = YES;
				CLANG_ANALYZER_NONNULL = YES;
				CLANG_ANALYZER_NUMBER_OBJECT_CONVERSION = YES_AGGRESSIVE;
				CLANG_CXX_LANGUAGE_STANDARD = "gnu++20";
				CLANG_ENABLE_MODULES = YES;
				CLANG_ENABLE_OBJC_ARC = YES;
				CLANG_ENABLE_OBJC_WEAK = YES;
				CLANG_WARN_BLOCK_CAPTURE_AUTORELEASING = YES;
				CLANG_WARN_BOOL_CONVERSION = YES;
				CLANG_WARN_COMMA = YES;
				CLANG_WARN_CONSTANT_CONVERSION = YES;
				CLANG_WARN_DEPRECATED_OBJC_IMPLEMENTATIONS = YES;
				CLANG_WARN_DIRECT_OBJC_ISA_USAGE = YES_ERROR;
				CLANG_WARN_DOCUMENTATION_COMMENTS = YES;
				CLANG_WARN_EMPTY_BODY = YES;
				CLANG_WARN_ENUM_CONVERSION = YES;
				CLANG_WARN_INFINITE_RECURSION = YES;
				CLANG_WARN_INT_CONVERSION = YES;
				CLANG_WARN_NON_LITERAL_NULL_CONVERSION = YES;
				CLANG_WARN_OBJC_IMPLICIT_RETAIN_SELF = YES;
				CLANG_WARN_OBJC_LITERAL_CONVERSION = YES;
				CLANG_WARN_OBJC_ROOT_CLASS = YES_ERROR;
				CLANG_WARN_QUOTED_INCLUDE_IN_FRAMEWORK_HEADER = YES;
				CLANG_WARN_RANGE_LOOP_ANALYSIS = YES;
				CLANG_WARN_STRICT_PROTOTYPES = YES;
				CLANG_WARN_SUSPICIOUS_MOVE = YES;
				CLANG_WARN_UNGUARDED_AVAILABILITY = YES_AGGRESSIVE;
				CLANG_WARN_UNREACHABLE_CODE = YES;
				CLANG_WARN__DUPLICATE_METHOD_MATCH = YES;
				COPY_PHASE_STRIP = NO;
				DEBUG_INFORMATION_FORMAT = "dwarf-with-dsym";
				ENABLE_NS_ASSERTIONS = NO;
				ENABLE_STRICT_OBJC_MSGSEND = YES;
				ENABLE_USER_SCRIPT_SANDBOXING = YES;
				GCC_C_LANGUAGE_STANDARD = gnu17;
				GCC_NO_COMMON_BLOCKS = YES;
				GCC_WARN_64_TO_32_BIT_CONVERSION = YES;
				GCC_WARN_ABOUT_RETURN_TYPE = YES_ERROR;
				GCC_WARN_UNDECLARED_SELECTOR = YES;
				GCC_WARN_UNINITIALIZED_AUTOS = YES_AGGRESSIVE;
				GCC_WARN_UNUSED_FUNCTION = YES;
				GCC_WARN_UNUSED_VARIABLE = YES;
				IPHONEOS_DEPLOYMENT_TARGET = 17.0;
				LOCALIZATION_PREFERS_STRING_CATALOGS = YES;
				MTL_ENABLE_DEBUG_INFO = NO;
				MTL_FAST_MATH = YES;
				SDKROOT = iphoneos;
				VALIDATE_PRODUCT = YES;
			};
			name = Release;
		};
		E1E14C062ABDB7A5002C9A39 /* Debug */ = {
			isa = XCBuildConfiguration;
			buildSettings = {
				ASSETCATALOG_COMPILER_APPICON_NAME = AppIcon;
				ASSETCATALOG_COMPILER_GLOBAL_ACCENT_COLOR_NAME = AccentColor;
				CODE_SIGN_STYLE = Automatic;
				CURRENT_PROJECT_VERSION = 1;
				DEVELOPMENT_TEAM = 7RYU286FY6;
				GENERATE_INFOPLIST_FILE = YES;
				INFOPLIST_FILE = "Variables&Const/Info.plist";
				INFOPLIST_KEY_UIApplicationSupportsIndirectInputEvents = YES;
				INFOPLIST_KEY_UILaunchStoryboardName = LaunchScreen;
				INFOPLIST_KEY_UIMainStoryboardFile = Main;
				INFOPLIST_KEY_UISupportedInterfaceOrientations_iPad = "UIInterfaceOrientationPortrait UIInterfaceOrientationPortraitUpsideDown UIInterfaceOrientationLandscapeLeft UIInterfaceOrientationLandscapeRight";
				INFOPLIST_KEY_UISupportedInterfaceOrientations_iPhone = "UIInterfaceOrientationPortrait UIInterfaceOrientationLandscapeLeft UIInterfaceOrientationLandscapeRight";
				IPHONEOS_DEPLOYMENT_TARGET = 16.0;
				LD_RUNPATH_SEARCH_PATHS = (
					"$(inherited)",
					"@executable_path/Frameworks",
				);
				MARKETING_VERSION = 1.0;
				PRODUCT_BUNDLE_IDENTIFIER = "com.furkanbingol.Variables-Const";
				PRODUCT_NAME = "$(TARGET_NAME)";
				SWIFT_EMIT_LOC_STRINGS = YES;
				TARGETED_DEVICE_FAMILY = "1,2";
			};
			name = Debug;
		};
		E1E14C072ABDB7A5002C9A39 /* Release */ = {
			isa = XCBuildConfiguration;
			buildSettings = {
				ASSETCATALOG_COMPILER_APPICON_NAME = AppIcon;
				ASSETCATALOG_COMPILER_GLOBAL_ACCENT_COLOR_NAME = AccentColor;
				CODE_SIGN_STYLE = Automatic;
				CURRENT_PROJECT_VERSION = 1;
				DEVELOPMENT_TEAM = 7RYU286FY6;
				GENERATE_INFOPLIST_FILE = YES;
				INFOPLIST_FILE = "Variables&Const/Info.plist";
				INFOPLIST_KEY_UIApplicationSupportsIndirectInputEvents = YES;
				INFOPLIST_KEY_UILaunchStoryboardName = LaunchScreen;
				INFOPLIST_KEY_UIMainStoryboardFile = Main;
				INFOPLIST_KEY_UISupportedInterfaceOrientations_iPad = "UIInterfaceOrientationPortrait UIInterfaceOrientationPortraitUpsideDown UIInterfaceOrientationLandscapeLeft UIInterfaceOrientationLandscapeRight";
				INFOPLIST_KEY_UISupportedInterfaceOrientations_iPhone = "UIInterfaceOrientationPortrait UIInterfaceOrientationLandscapeLeft UIInterfaceOrientationLandscapeRight";
				IPHONEOS_DEPLOYMENT_TARGET = 16.0;
				LD_RUNPATH_SEARCH_PATHS = (
					"$(inherited)",
					"@executable_path/Frameworks",
				);
				MARKETING_VERSION = 1.0;
				PRODUCT_BUNDLE_IDENTIFIER = "com.furkanbingol.Variables-Const";
				PRODUCT_NAME = "$(TARGET_NAME)";
				SWIFT_EMIT_LOC_STRINGS = YES;
				TARGETED_DEVICE_FAMILY = "1,2";
			};
			name = Release;
		};
/* End XCBuildConfiguration section */

/* Begin XCConfigurationList section */
		E1E14BE72ABDB7A4002C9A39 /* Build configuration list for PBXProject "Variables&Const" */ = {
			isa = XCConfigurationList;
			buildConfigurations = (
				E1E14C032ABDB7A5002C9A39 /* Debug */,
				E1E14C042ABDB7A5002C9A39 /* Release */,
			);
			defaultConfigurationIsVisible = 0;
			defaultConfigurationName = Release;
		};
		E1E14C052ABDB7A5002C9A39 /* Build configuration list for PBXNativeTarget "Variables&Const" */ = {
			isa = XCConfigurationList;
			buildConfigurations = (
				E1E14C062ABDB7A5002C9A39 /* Debug */,
				E1E14C072ABDB7A5002C9A39 /* Release */,
			);
			defaultConfigurationIsVisible = 0;
			defaultConfigurationName = Release;
		};
/* End XCConfigurationList section */
	};
	rootObject = E1E14BE42ABDB7A4002C9A39 /* Project object */;
}
