// !$*UTF8*$!
{
	archiveVersion = 1;
	classes = {
	};
	objectVersion = 56;
	objects = {

/* Begin PBXBuildFile section */
		E11F441D2AC0B09E00CC6EF8 /* AppDelegate.m in Sources */ = {isa = PBXBuildFile; fileRef = E11F441C2AC0B09E00CC6EF8 /* AppDelegate.m */; };
		E11F44202AC0B09E00CC6EF8 /* SceneDelegate.m in Sources */ = {isa = PBXBuildFile; fileRef = E11F441F2AC0B09E00CC6EF8 /* SceneDelegate.m */; };
		E11F44232AC0B09E00CC6EF8 /* ViewController.m in Sources */ = {isa = PBXBuildFile; fileRef = E11F44222AC0B09E00CC6EF8 /* ViewController.m */; };
		E11F44262AC0B09E00CC6EF8 /* Main.storyboard in Resources */ = {isa = PBXBuildFile; fileRef = E11F44242AC0B09E00CC6EF8 /* Main.storyboard */; };
		E11F44282AC0B09F00CC6EF8 /* Assets.xcassets in Resources */ = {isa = PBXBuildFile; fileRef = E11F44272AC0B09F00CC6EF8 /* Assets.xcassets */; };
		E11F442B2AC0B09F00CC6EF8 /* LaunchScreen.storyboard in Resources */ = {isa = PBXBuildFile; fileRef = E11F44292AC0B09F00CC6EF8 /* LaunchScreen.storyboard */; };
		E11F442E2AC0B09F00CC6EF8 /* main.m in Sources */ = {isa = PBXBuildFile; fileRef = E11F442D2AC0B09F00CC6EF8 /* main.m */; };
		E18127D42AC160BC00F73491 /* Moon Flower.ttf in Resources */ = {isa = PBXBuildFile; fileRef = E18127D12AC160BC00F73491 /* Moon Flower.ttf */; };
		E18127D52AC160BC00F73491 /* SugarstyleMillenial-Regular.ttf in Resources */ = {isa = PBXBuildFile; fileRef = E18127D22AC160BC00F73491 /* SugarstyleMillenial-Regular.ttf */; };
		E18127D62AC160BC00F73491 /* LemonMilk.otf in Resources */ = {isa = PBXBuildFile; fileRef = E18127D32AC160BC00F73491 /* LemonMilk.otf */; };
/* End PBXBuildFile section */

/* Begin PBXFileReference section */
		E11F44182AC0B09E00CC6EF8 /* FancyText.app */ = {isa = PBXFileReference; explicitFileType = wrapper.application; includeInIndex = 0; path = FancyText.app; sourceTree = BUILT_PRODUCTS_DIR; };
		E11F441B2AC0B09E00CC6EF8 /* AppDelegate.h */ = {isa = PBXFileReference; lastKnownFileType = sourcecode.c.h; path = AppDelegate.h; sourceTree = "<group>"; };
		E11F441C2AC0B09E00CC6EF8 /* AppDelegate.m */ = {isa = PBXFileReference; lastKnownFileType = sourcecode.c.objc; path = AppDelegate.m; sourceTree = "<group>"; };
		E11F441E2AC0B09E00CC6EF8 /* SceneDelegate.h */ = {isa = PBXFileReference; lastKnownFileType = sourcecode.c.h; path = SceneDelegate.h; sourceTree = "<group>"; };
		E11F441F2AC0B09E00CC6EF8 /* SceneDelegate.m */ = {isa = PBXFileReference; lastKnownFileType = sourcecode.c.objc; path = SceneDelegate.m; sourceTree = "<group>"; };
		E11F44212AC0B09E00CC6EF8 /* ViewController.h */ = {isa = PBXFileReference; lastKnownFileType = sourcecode.c.h; path = ViewController.h; sourceTree = "<group>"; };
		E11F44222AC0B09E00CC6EF8 /* ViewController.m */ = {isa = PBXFileReference; lastKnownFileType = sourcecode.c.objc; path = ViewController.m; sourceTree = "<group>"; };
		E11F44252AC0B09E00CC6EF8 /* Base */ = {isa = PBXFileReference; lastKnownFileType = file.storyboard; name = Base; path = Base.lproj/Main.storyboard; sourceTree = "<group>"; };
		E11F44272AC0B09F00CC6EF8 /* Assets.xcassets */ = {isa = PBXFileReference; lastKnownFileType = folder.assetcatalog; path = Assets.xcassets; sourceTree = "<group>"; };
		E11F442A2AC0B09F00CC6EF8 /* Base */ = {isa = PBXFileReference; lastKnownFileType = file.storyboard; name = Base; path = Base.lproj/LaunchScreen.storyboard; sourceTree = "<group>"; };
		E11F442C2AC0B09F00CC6EF8 /* Info.plist */ = {isa = PBXFileReference; lastKnownFileType = text.plist.xml; path = Info.plist; sourceTree = "<group>"; };
		E11F442D2AC0B09F00CC6EF8 /* main.m */ = {isa = PBXFileReference; lastKnownFileType = sourcecode.c.objc; path = main.m; sourceTree = "<group>"; };
		E18127D12AC160BC00F73491 /* Moon Flower.ttf */ = {isa = PBXFileReference; lastKnownFileType = file; path = "Moon Flower.ttf"; sourceTree = "<group>"; };
		E18127D22AC160BC00F73491 /* SugarstyleMillenial-Regular.ttf */ = {isa = PBXFileReference; lastKnownFileType = file; path = "SugarstyleMillenial-Regular.ttf"; sourceTree = "<group>"; };
		E18127D32AC160BC00F73491 /* LemonMilk.otf */ = {isa = PBXFileReference; lastKnownFileType = file; path = LemonMilk.otf; sourceTree = "<group>"; };
/* End PBXFileReference section */

/* Begin PBXFrameworksBuildPhase section */
		E11F44152AC0B09E00CC6EF8 /* Frameworks */ = {
			isa = PBXFrameworksBuildPhase;
			buildActionMask = 2147483647;
			files = (
			);
			runOnlyForDeploymentPostprocessing = 0;
		};
/* End PBXFrameworksBuildPhase section */

/* Begin PBXGroup section */
		E11F440F2AC0B09E00CC6EF8 = {
			isa = PBXGroup;
			children = (
				E11F441A2AC0B09E00CC6EF8 /* FancyText */,
				E11F44192AC0B09E00CC6EF8 /* Products */,
			);
			sourceTree = "<group>";
		};
		E11F44192AC0B09E00CC6EF8 /* Products */ = {
			isa = PBXGroup;
			children = (
				E11F44182AC0B09E00CC6EF8 /* FancyText.app */,
			);
			name = Products;
			sourceTree = "<group>";
		};
		E11F441A2AC0B09E00CC6EF8 /* FancyText */ = {
			isa = PBXGroup;
			children = (
				E11F441B2AC0B09E00CC6EF8 /* AppDelegate.h */,
				E11F441C2AC0B09E00CC6EF8 /* AppDelegate.m */,
				E11F441E2AC0B09E00CC6EF8 /* SceneDelegate.h */,
				E11F441F2AC0B09E00CC6EF8 /* SceneDelegate.m */,
				E11F44212AC0B09E00CC6EF8 /* ViewController.h */,
				E11F44222AC0B09E00CC6EF8 /* ViewController.m */,
				E11F44242AC0B09E00CC6EF8 /* Main.storyboard */,
				E11F44272AC0B09F00CC6EF8 /* Assets.xcassets */,
				E11F44292AC0B09F00CC6EF8 /* LaunchScreen.storyboard */,
				E11F442C2AC0B09F00CC6EF8 /* Info.plist */,
				E11F442D2AC0B09F00CC6EF8 /* main.m */,
				E18127D32AC160BC00F73491 /* LemonMilk.otf */,
				E18127D12AC160BC00F73491 /* Moon Flower.ttf */,
				E18127D22AC160BC00F73491 /* SugarstyleMillenial-Regular.ttf */,
			);
			path = FancyText;
			sourceTree = "<group>";
		};
/* End PBXGroup section */

/* Begin PBXNativeTarget section */
		E11F44172AC0B09E00CC6EF8 /* FancyText */ = {
			isa = PBXNativeTarget;
			buildConfigurationList = E11F44312AC0B09F00CC6EF8 /* Build configuration list for PBXNativeTarget "FancyText" */;
			buildPhases = (
				E11F44142AC0B09E00CC6EF8 /* Sources */,
				E11F44152AC0B09E00CC6EF8 /* Frameworks */,
				E11F44162AC0B09E00CC6EF8 /* Resources */,
			);
			buildRules = (
			);
			dependencies = (
			);
			name = FancyText;
			productName = FancyText;
			productReference = E11F44182AC0B09E00CC6EF8 /* FancyText.app */;
			productType = "com.apple.product-type.application";
		};
/* End PBXNativeTarget section */

/* Begin PBXProject section */
		E11F44102AC0B09E00CC6EF8 /* Project object */ = {
			isa = PBXProject;
			attributes = {
				BuildIndependentTargetsInParallel = 1;
				LastUpgradeCheck = 1500;
				TargetAttributes = {
					E11F44172AC0B09E00CC6EF8 = {
						CreatedOnToolsVersion = 15.0;
					};
				};
			};
			buildConfigurationList = E11F44132AC0B09E00CC6EF8 /* Build configuration list for PBXProject "FancyText" */;
			compatibilityVersion = "Xcode 14.0";
			developmentRegion = en;
			hasScannedForEncodings = 0;
			knownRegions = (
				en,
				Base,
			);
			mainGroup = E11F440F2AC0B09E00CC6EF8;
			productRefGroup = E11F44192AC0B09E00CC6EF8 /* Products */;
			projectDirPath = "";
			projectRoot = "";
			targets = (
				E11F44172AC0B09E00CC6EF8 /* FancyText */,
			);
		};
/* End PBXProject section */

/* Begin PBXResourcesBuildPhase section */
		E11F44162AC0B09E00CC6EF8 /* Resources */ = {
			isa = PBXResourcesBuildPhase;
			buildActionMask = 2147483647;
			files = (
				E11F442B2AC0B09F00CC6EF8 /* LaunchScreen.storyboard in Resources */,
				E11F44282AC0B09F00CC6EF8 /* Assets.xcassets in Resources */,
				E18127D62AC160BC00F73491 /* LemonMilk.otf in Resources */,
				E11F44262AC0B09E00CC6EF8 /* Main.storyboard in Resources */,
				E18127D42AC160BC00F73491 /* Moon Flower.ttf in Resources */,
				E18127D52AC160BC00F73491 /* SugarstyleMillenial-Regular.ttf in Resources */,
			);
			runOnlyForDeploymentPostprocessing = 0;
		};
/* End PBXResourcesBuildPhase section */

/* Begin PBXSourcesBuildPhase section */
		E11F44142AC0B09E00CC6EF8 /* Sources */ = {
			isa = PBXSourcesBuildPhase;
			buildActionMask = 2147483647;
			files = (
				E11F44232AC0B09E00CC6EF8 /* ViewController.m in Sources */,
				E11F441D2AC0B09E00CC6EF8 /* AppDelegate.m in Sources */,
				E11F442E2AC0B09F00CC6EF8 /* main.m in Sources */,
				E11F44202AC0B09E00CC6EF8 /* SceneDelegate.m in Sources */,
			);
			runOnlyForDeploymentPostprocessing = 0;
		};
/* End PBXSourcesBuildPhase section */

/* Begin PBXVariantGroup section */
		E11F44242AC0B09E00CC6EF8 /* Main.storyboard */ = {
			isa = PBXVariantGroup;
			children = (
				E11F44252AC0B09E00CC6EF8 /* Base */,
			);
			name = Main.storyboard;
			sourceTree = "<group>";
		};
		E11F44292AC0B09F00CC6EF8 /* LaunchScreen.storyboard */ = {
			isa = PBXVariantGroup;
			children = (
				E11F442A2AC0B09F00CC6EF8 /* Base */,
			);
			name = LaunchScreen.storyboard;
			sourceTree = "<group>";
		};
/* End PBXVariantGroup section */

/* Begin XCBuildConfiguration section */
		E11F442F2AC0B09F00CC6EF8 /* Debug */ = {
			isa = XCBuildConfiguration;
			buildSettings = {
				ALWAYS_SEARCH_USER_PATHS = NO;
				ASSETCATALOG_COMPILER_GENERATE_SWIFT_ASSET_SYMBOL_EXTENSIONS = YES;
				CLANG_ANALYZER_NONNULL = YES;
				CLANG_ANALYZER_NUMBER_OBJECT_CONVERSION = YES_AGGRESSIVE;
				CLANG_CXX_LANGUAGE_STANDARD = "gnu++20";
				CLANG_ENABLE_MODULES = YES;
				CLANG_ENABLE_OBJC_ARC = YES;
				CLANG_ENABLE_OBJC_WEAK = YES;
				CLANG_WARN_BLOCK_CAPTURE_AUTORELEASING = YES;
				CLANG_WARN_BOOL_CONVERSION = YES;
				CLANG_WARN_COMMA = YES;
				CLANG_WARN_CONSTANT_CONVERSION = YES;
				CLANG_WARN_DEPRECATED_OBJC_IMPLEMENTATIONS = YES;
				CLANG_WARN_DIRECT_OBJC_ISA_USAGE = YES_ERROR;
				CLANG_WARN_DOCUMENTATION_COMMENTS = YES;
				CLANG_WARN_EMPTY_BODY = YES;
				CLANG_WARN_ENUM_CONVERSION = YES;
				CLANG_WARN_INFINITE_RECURSION = YES;
				CLANG_WARN_INT_CONVERSION = YES;
				CLANG_WARN_NON_LITERAL_NULL_CONVERSION = YES;
				CLANG_WARN_OBJC_IMPLICIT_RETAIN_SELF = YES;
				CLANG_WARN_OBJC_LITERAL_CONVERSION = YES;
				CLANG_WARN_OBJC_ROOT_CLASS = YES_ERROR;
				CLANG_WARN_QUOTED_INCLUDE_IN_FRAMEWORK_HEADER = YES;
				CLANG_WARN_RANGE_LOOP_ANALYSIS = YES;
				CLANG_WARN_STRICT_PROTOTYPES = YES;
				CLANG_WARN_SUSPICIOUS_MOVE = YES;
				CLANG_WARN_UNGUARDED_AVAILABILITY = YES_AGGRESSIVE;
				CLANG_WARN_UNREACHABLE_CODE = YES;
				CLANG_WARN__DUPLICATE_METHOD_MATCH = YES;
				COPY_PHASE_STRIP = NO;
				DEBUG_INFORMATION_FORMAT = dwarf;
				ENABLE_STRICT_OBJC_MSGSEND = YES;
				ENABLE_TESTABILITY = YES;
				ENABLE_USER_SCRIPT_SANDBOXING = YES;
				GCC_C_LANGUAGE_STANDARD = gnu17;
				GCC_DYNAMIC_NO_PIC = NO;
				GCC_NO_COMMON_BLOCKS = YES;
				GCC_OPTIMIZATION_LEVEL = 0;
				GCC_PREPROCESSOR_DEFINITIONS = (
					"DEBUG=1",
					"$(inherited)",
				);
				GCC_WARN_64_TO_32_BIT_CONVERSION = YES;
				GCC_WARN_ABOUT_RETURN_TYPE = YES_ERROR;
				GCC_WARN_UNDECLARED_SELECTOR = YES;
				GCC_WARN_UNINITIALIZED_AUTOS = YES_AGGRESSIVE;
				GCC_WARN_UNUSED_FUNCTION = YES;
				GCC_WARN_UNUSED_VARIABLE = YES;
				IPHONEOS_DEPLOYMENT_TARGET = 17.0;
				LOCALIZATION_PREFERS_STRING_CATALOGS = YES;
				MTL_ENABLE_DEBUG_INFO = INCLUDE_SOURCE;
				MTL_FAST_MATH = YES;
				ONLY_ACTIVE_ARCH = YES;
				SDKROOT = iphoneos;
			};
			name = Debug;
		};
		E11F44302AC0B09F00CC6EF8 /* Release */ = {
			isa = XCBuildConfiguration;
			buildSettings = {
				ALWAYS_SEARCH_USER_PATHS = NO;
				ASSETCATALOG_COMPILER_GENERATE_SWIFT_ASSET_SYMBOL_EXTENSIONS = YES;
				CLANG_ANALYZER_NONNULL = YES;
				CLANG_ANALYZER_NUMBER_OBJECT_CONVERSION = YES_AGGRESSIVE;
				CLANG_CXX_LANGUAGE_STANDARD = "gnu++20";
				CLANG_ENABLE_MODULES = YES;
				CLANG_ENABLE_OBJC_ARC = YES;
				CLANG_ENABLE_OBJC_WEAK = YES;
				CLANG_WARN_BLOCK_CAPTURE_AUTORELEASING = YES;
				CLANG_WARN_BOOL_CONVERSION = YES;
				CLANG_WARN_COMMA = YES;
				CLANG_WARN_CONSTANT_CONVERSION = YES;
				CLANG_WARN_DEPRECATED_OBJC_IMPLEMENTATIONS = YES;
				CLANG_WARN_DIRECT_OBJC_ISA_USAGE = YES_ERROR;
				CLANG_WARN_DOCUMENTATION_COMMENTS = YES;
				CLANG_WARN_EMPTY_BODY = YES;
				CLANG_WARN_ENUM_CONVERSION = YES;
				CLANG_WARN_INFINITE_RECURSION = YES;
				CLANG_WARN_INT_CONVERSION = YES;
				CLANG_WARN_NON_LITERAL_NULL_CONVERSION = YES;
				CLANG_WARN_OBJC_IMPLICIT_RETAIN_SELF = YES;
				CLANG_WARN_OBJC_LITERAL_CONVERSION = YES;
				CLANG_WARN_OBJC_ROOT_CLASS = YES_ERROR;
				CLANG_WARN_QUOTED_INCLUDE_IN_FRAMEWORK_HEADER = YES;
				CLANG_WARN_RANGE_LOOP_ANALYSIS = YES;
				CLANG_WARN_STRICT_PROTOTYPES = YES;
				CLANG_WARN_SUSPICIOUS_MOVE = YES;
				CLANG_WARN_UNGUARDED_AVAILABILITY = YES_AGGRESSIVE;
				CLANG_WARN_UNREACHABLE_CODE = YES;
				CLANG_WARN__DUPLICATE_METHOD_MATCH = YES;
				COPY_PHASE_STRIP = NO;
				DEBUG_INFORMATION_FORMAT = "dwarf-with-dsym";
				ENABLE_NS_ASSERTIONS = NO;
				ENABLE_STRICT_OBJC_MSGSEND = YES;
				ENABLE_USER_SCRIPT_SANDBOXING = YES;
				GCC_C_LANGUAGE_STANDARD = gnu17;
				GCC_NO_COMMON_BLOCKS = YES;
				GCC_WARN_64_TO_32_BIT_CONVERSION = YES;
				GCC_WARN_ABOUT_RETURN_TYPE = YES_ERROR;
				GCC_WARN_UNDECLARED_SELECTOR = YES;
				GCC_WARN_UNINITIALIZED_AUTOS = YES_AGGRESSIVE;
				GCC_WARN_UNUSED_FUNCTION = YES;
				GCC_WARN_UNUSED_VARIABLE = YES;
				IPHONEOS_DEPLOYMENT_TARGET = 17.0;
				LOCALIZATION_PREFERS_STRING_CATALOGS = YES;
				MTL_ENABLE_DEBUG_INFO = NO;
				MTL_FAST_MATH = YES;
				SDKROOT = iphoneos;
				VALIDATE_PRODUCT = YES;
			};
			name = Release;
		};
		E11F44322AC0B09F00CC6EF8 /* Debug */ = {
			isa = XCBuildConfiguration;
			buildSettings = {
				ASSETCATALOG_COMPILER_APPICON_NAME = AppIcon;
				ASSETCATALOG_COMPILER_GLOBAL_ACCENT_COLOR_NAME = AccentColor;
				CODE_SIGN_STYLE = Automatic;
				CURRENT_PROJECT_VERSION = 1;
				DEVELOPMENT_TEAM = 7RYU286FY6;
				GENERATE_INFOPLIST_FILE = YES;
				INFOPLIST_FILE = FancyText/Info.plist;
				INFOPLIST_KEY_UIApplicationSupportsIndirectInputEvents = YES;
				INFOPLIST_KEY_UILaunchStoryboardName = LaunchScreen;
				INFOPLIST_KEY_UIMainStoryboardFile = Main;
				INFOPLIST_KEY_UISupportedInterfaceOrientations_iPad = "UIInterfaceOrientationPortrait UIInterfaceOrientationPortraitUpsideDown UIInterfaceOrientationLandscapeLeft UIInterfaceOrientationLandscapeRight";
				INFOPLIST_KEY_UISupportedInterfaceOrientations_iPhone = "UIInterfaceOrientationPortrait UIInterfaceOrientationLandscapeLeft UIInterfaceOrientationLandscapeRight";
				IPHONEOS_DEPLOYMENT_TARGET = 16.0;
				LD_RUNPATH_SEARCH_PATHS = (
					"$(inherited)",
					"@executable_path/Frameworks",
				);
				MARKETING_VERSION = 1.0;
				PRODUCT_BUNDLE_IDENTIFIER = com.furkanbingol.FancyText;
				PRODUCT_NAME = "$(TARGET_NAME)";
				SWIFT_EMIT_LOC_STRINGS = YES;
				TARGETED_DEVICE_FAMILY = "1,2";
			};
			name = Debug;
		};
		E11F44332AC0B09F00CC6EF8 /* Release */ = {
			isa = XCBuildConfiguration;
			buildSettings = {
				ASSETCATALOG_COMPILER_APPICON_NAME = AppIcon;
				ASSETCATALOG_COMPILER_GLOBAL_ACCENT_COLOR_NAME = AccentColor;
				CODE_SIGN_STYLE = Automatic;
				CURRENT_PROJECT_VERSION = 1;
				DEVELOPMENT_TEAM = 7RYU286FY6;
				GENERATE_INFOPLIST_FILE = YES;
				INFOPLIST_FILE = FancyText/Info.plist;
				INFOPLIST_KEY_UIApplicationSupportsIndirectInputEvents = YES;
				INFOPLIST_KEY_UILaunchStoryboardName = LaunchScreen;
				INFOPLIST_KEY_UIMainStoryboardFile = Main;
				INFOPLIST_KEY_UISupportedInterfaceOrientations_iPad = "UIInterfaceOrientationPortrait UIInterfaceOrientationPortraitUpsideDown UIInterfaceOrientationLandscapeLeft UIInterfaceOrientationLandscapeRight";
				INFOPLIST_KEY_UISupportedInterfaceOrientations_iPhone = "UIInterfaceOrientationPortrait UIInterfaceOrientationLandscapeLeft UIInterfaceOrientationLandscapeRight";
				IPHONEOS_DEPLOYMENT_TARGET = 16.0;
				LD_RUNPATH_SEARCH_PATHS = (
					"$(inherited)",
					"@executable_path/Frameworks",
				);
				MARKETING_VERSION = 1.0;
				PRODUCT_BUNDLE_IDENTIFIER = com.furkanbingol.FancyText;
				PRODUCT_NAME = "$(TARGET_NAME)";
				SWIFT_EMIT_LOC_STRINGS = YES;
				TARGETED_DEVICE_FAMILY = "1,2";
			};
			name = Release;
		};
/* End XCBuildConfiguration section */

/* Begin XCConfigurationList section */
		E11F44132AC0B09E00CC6EF8 /* Build configuration list for PBXProject "FancyText" */ = {
			isa = XCConfigurationList;
			buildConfigurations = (
				E11F442F2AC0B09F00CC6EF8 /* Debug */,
				E11F44302AC0B09F00CC6EF8 /* Release */,
			);
			defaultConfigurationIsVisible = 0;
			defaultConfigurationName = Release;
		};
		E11F44312AC0B09F00CC6EF8 /* Build configuration list for PBXNativeTarget "FancyText" */ = {
			isa = XCConfigurationList;
			buildConfigurations = (
				E11F44322AC0B09F00CC6EF8 /* Debug */,
				E11F44332AC0B09F00CC6EF8 /* Release */,
			);
			defaultConfigurationIsVisible = 0;
			defaultConfigurationName = Release;
		};
/* End XCConfigurationList section */
	};
	rootObject = E11F44102AC0B09E00CC6EF8 /* Project object */;
}
